<?xml version="1.0" encoding="utf-8"?>
<Project ToolsVersion="4.0" xmlns="http://schemas.microsoft.com/developer/msbuild/2003">
  <ItemGroup>
    <Filter Include="Source Files">
      <UniqueIdentifier>{4FC737F1-C7A5-4376-A066-2A32D752A2FF}</UniqueIdentifier>
      <Extensions>cpp;c;cc;cxx;def;odl;idl;hpj;bat;asm;asmx</Extensions>
    </Filter>
    <Filter Include="Header Files">
      <UniqueIdentifier>{93995380-89BD-4b04-88EB-625FBE52EBFB}</UniqueIdentifier>
      <Extensions>h;hh;hpp;hxx;hm;inl;inc;xsd</Extensions>
    </Filter>
    <Filter Include="Resource Files">
      <UniqueIdentifier>{67DA6AB6-F800-4c08-8B7A-83BB121AAD01}</UniqueIdentifier>
      <Extensions>rc;ico;cur;bmp;dlg;rc2;rct;bin;rgs;gif;jpg;jpeg;jpe;resx;tiff;tif;png;wav;mfcribbon-ms</Extensions>
    </Filter>
  </ItemGroup>
  <ItemGroup>
    <ClCompile Include="Controller.ino" />
    <ClCompile Include="Robot_Controller.h">
      <Filter>Header Files</Filter>
    </ClCompile>
    <ClCompile Include="Robot_Controller.cpp">
      <Filter>Source Files</Filter>
    </ClCompile>
    <ClCompile Include="..\..\..\..\..\..\AppData\Local\Arduino15\packages\arduino\hardware\avr\1.8.6\cores\arduino\abi.cpp">
      <Filter>Source Files</Filter>
    </ClCompile>
    <ClCompile Include="..\..\..\..\..\..\AppData\Local\Arduino15\packages\arduino\hardware\avr\1.8.6\cores\arduino\CDC.cpp">
      <Filter>Source Files</Filter>
    </ClCompile>
    <ClCompile Include="..\..\..\..\..\..\AppData\Local\Arduino15\packages\arduino\hardware\avr\1.8.6\cores\arduino\HardwareSerial.cpp">
      <Filter>Source Files</Filter>
    </ClCompile>
    <ClCompile Include="..\..\..\..\..\..\AppData\Local\Arduino15\packages\arduino\hardware\avr\1.8.6\cores\arduino\HardwareSerial0.cpp">
      <Filter>Source Files</Filter>
    </ClCompile>
    <ClCompile Include="..\..\..\..\..\..\AppData\Local\Arduino15\packages\arduino\hardware\avr\1.8.6\cores\arduino\HardwareSerial1.cpp">
      <Filter>Source Files</Filter>
    </ClCompile>
    <ClCompile Include="..\..\..\..\..\..\AppData\Local\Arduino15\packages\arduino\hardware\avr\1.8.6\cores\arduino\HardwareSerial2.cpp">
      <Filter>Source Files</Filter>
    </ClCompile>
    <ClCompile Include="..\..\..\..\..\..\AppData\Local\Arduino15\packages\arduino\hardware\avr\1.8.6\cores\arduino\HardwareSerial3.cpp">
      <Filter>Source Files</Filter>
    </ClCompile>
    <ClCompile Include="..\..\..\..\..\..\AppData\Local\Arduino15\packages\arduino\hardware\avr\1.8.6\cores\arduino\hooks.c">
      <Filter>Source Files</Filter>
    </ClCompile>
    <ClCompile Include="..\..\..\..\..\..\AppData\Local\Arduino15\packages\arduino\hardware\avr\1.8.6\cores\arduino\IPAddress.cpp">
      <Filter>Source Files</Filter>
    </ClCompile>
    <ClCompile Include="..\..\..\..\..\..\AppData\Local\Arduino15\packages\arduino\hardware\avr\1.8.6\cores\arduino\main.cpp">
      <Filter>Source Files</Filter>
    </ClCompile>
    <ClCompile Include="..\..\..\..\..\..\AppData\Local\Arduino15\packages\arduino\hardware\avr\1.8.6\cores\arduino\new.cpp">
      <Filter>Source Files</Filter>
    </ClCompile>
    <ClCompile Include="..\..\..\..\..\..\AppData\Local\Arduino15\packages\arduino\hardware\avr\1.8.6\cores\arduino\PluggableUSB.cpp">
      <Filter>Source Files</Filter>
    </ClCompile>
    <ClCompile Include="..\..\..\..\..\..\AppData\Local\Arduino15\packages\arduino\hardware\avr\1.8.6\cores\arduino\Print.cpp">
      <Filter>Source Files</Filter>
    </ClCompile>
    <ClCompile Include="..\..\..\..\..\..\AppData\Local\Arduino15\packages\arduino\hardware\avr\1.8.6\cores\arduino\Stream.cpp">
      <Filter>Source Files</Filter>
    </ClCompile>
    <ClCompile Include="..\..\..\..\..\..\AppData\Local\Arduino15\packages\arduino\hardware\avr\1.8.6\cores\arduino\Tone.cpp">
      <Filter>Source Files</Filter>
    </ClCompile>
    <ClCompile Include="..\..\..\..\..\..\AppData\Local\Arduino15\packages\arduino\hardware\avr\1.8.6\cores\arduino\USBCore.cpp">
      <Filter>Source Files</Filter>
    </ClCompile>
    <ClCompile Include="..\..\..\..\..\..\AppData\Local\Arduino15\packages\arduino\hardware\avr\1.8.6\cores\arduino\WInterrupts.c">
      <Filter>Source Files</Filter>
    </ClCompile>
    <ClCompile Include="..\..\..\..\..\..\AppData\Local\Arduino15\packages\arduino\hardware\avr\1.8.6\cores\arduino\wiring.c">
      <Filter>Source Files</Filter>
    </ClCompile>
    <ClCompile Include="..\..\..\..\..\..\AppData\Local\Arduino15\packages\arduino\hardware\avr\1.8.6\cores\arduino\wiring_analog.c">
      <Filter>Source Files</Filter>
    </ClCompile>
    <ClCompile Include="..\..\..\..\..\..\AppData\Local\Arduino15\packages\arduino\hardware\avr\1.8.6\cores\arduino\wiring_digital.c">
      <Filter>Source Files</Filter>
    </ClCompile>
    <ClCompile Include="..\..\..\..\..\..\AppData\Local\Arduino15\packages\arduino\hardware\avr\1.8.6\cores\arduino\wiring_pulse.c">
      <Filter>Source Files</Filter>
    </ClCompile>
    <ClCompile Include="..\..\..\..\..\..\AppData\Local\Arduino15\packages\arduino\hardware\avr\1.8.6\cores\arduino\wiring_shift.c">
      <Filter>Source Files</Filter>
    </ClCompile>
    <ClCompile Include="..\..\..\..\..\..\AppData\Local\Arduino15\packages\arduino\hardware\avr\1.8.6\cores\arduino\WMath.cpp">
      <Filter>Source Files</Filter>
    </ClCompile>
    <ClCompile Include="..\..\..\..\..\..\AppData\Local\Arduino15\packages\arduino\hardware\avr\1.8.6\cores\arduino\WString.cpp">
      <Filter>Source Files</Filter>
    </ClCompile>
  </ItemGroup>
  <ItemGroup>
    <ClInclude Include="__vm\.Controller.vsarduino.h">
      <Filter>Header Files</Filter>
    </ClInclude>
    <ClInclude Include="..\..\..\..\..\..\AppData\Local\Arduino15\packages\arduino\hardware\avr\1.8.6\cores\arduino\Arduino.h">
      <Filter>Header Files</Filter>
    </ClInclude>
    <ClInclude Include="..\..\..\..\..\..\AppData\Local\Arduino15\packages\arduino\hardware\avr\1.8.6\cores\arduino\binary.h">
      <Filter>Header Files</Filter>
    </ClInclude>
    <ClInclude Include="..\..\..\..\..\..\AppData\Local\Arduino15\packages\arduino\hardware\avr\1.8.6\cores\arduino\Client.h">
      <Filter>Header Files</Filter>
    </ClInclude>
    <ClInclude Include="..\..\..\..\..\..\AppData\Local\Arduino15\packages\arduino\hardware\avr\1.8.6\cores\arduino\HardwareSerial.h">
      <Filter>Header Files</Filter>
    </ClInclude>
    <ClInclude Include="..\..\..\..\..\..\AppData\Local\Arduino15\packages\arduino\hardware\avr\1.8.6\cores\arduino\HardwareSerial_private.h">
      <Filter>Header Files</Filter>
    </ClInclude>
    <ClInclude Include="..\..\..\..\..\..\AppData\Local\Arduino15\packages\arduino\hardware\avr\1.8.6\cores\arduino\IPAddress.h">
      <Filter>Header Files</Filter>
    </ClInclude>
    <ClInclude Include="..\..\..\..\..\..\AppData\Local\Arduino15\packages\arduino\hardware\avr\1.8.6\cores\arduino\new.h">
      <Filter>Header Files</Filter>
    </ClInclude>
    <ClInclude Include="..\..\..\..\..\..\AppData\Local\Arduino15\packages\arduino\hardware\avr\1.8.6\cores\arduino\PluggableUSB.h">
      <Filter>Header Files</Filter>
    </ClInclude>
    <ClInclude Include="..\..\..\..\..\..\AppData\Local\Arduino15\packages\arduino\hardware\avr\1.8.6\cores\arduino\Print.h">
      <Filter>Header Files</Filter>
    </ClInclude>
    <ClInclude Include="..\..\..\..\..\..\AppData\Local\Arduino15\packages\arduino\hardware\avr\1.8.6\cores\arduino\Printable.h">
      <Filter>Header Files</Filter>
    </ClInclude>
    <ClInclude Include="..\..\..\..\..\..\AppData\Local\Arduino15\packages\arduino\hardware\avr\1.8.6\cores\arduino\Server.h">
      <Filter>Header Files</Filter>
    </ClInclude>
    <ClInclude Include="..\..\..\..\..\..\AppData\Local\Arduino15\packages\arduino\hardware\avr\1.8.6\cores\arduino\Stream.h">
      <Filter>Header Files</Filter>
    </ClInclude>
    <ClInclude Include="..\..\..\..\..\..\AppData\Local\Arduino15\packages\arduino\hardware\avr\1.8.6\cores\arduino\Udp.h">
      <Filter>Header Files</Filter>
    </ClInclude>
    <ClInclude Include="..\..\..\..\..\..\AppData\Local\Arduino15\packages\arduino\hardware\avr\1.8.6\cores\arduino\USBAPI.h">
      <Filter>Header Files</Filter>
    </ClInclude>
    <ClInclude Include="..\..\..\..\..\..\AppData\Local\Arduino15\packages\arduino\hardware\avr\1.8.6\cores\arduino\USBCore.h">
      <Filter>Header Files</Filter>
    </ClInclude>
    <ClInclude Include="..\..\..\..\..\..\AppData\Local\Arduino15\packages\arduino\hardware\avr\1.8.6\cores\arduino\USBDesc.h">
      <Filter>Header Files</Filter>
    </ClInclude>
    <ClInclude Include="..\..\..\..\..\..\AppData\Local\Arduino15\packages\arduino\hardware\avr\1.8.6\cores\arduino\WCharacter.h">
      <Filter>Header Files</Filter>
    </ClInclude>
    <ClInclude Include="..\..\..\..\..\..\AppData\Local\Arduino15\packages\arduino\hardware\avr\1.8.6\cores\arduino\wiring_private.h">
      <Filter>Header Files</Filter>
    </ClInclude>
    <ClInclude Include="..\..\..\..\..\..\AppData\Local\Arduino15\packages\arduino\hardware\avr\1.8.6\cores\arduino\WString.h">
      <Filter>Header Files</Filter>
    </ClInclude>
    <ClInclude Include="..\..\..\..\..\..\AppData\Local\Arduino15\packages\arduino\hardware\avr\1.8.6\variants\mega\pins_arduino.h">
      <Filter>Header Files</Filter>
    </ClInclude>
  </ItemGroup>
  <ItemGroup>
    <Text Include="Text.txt" />
  </ItemGroup>
  <ItemGroup>
    <None Include="..\..\..\..\..\..\AppData\Local\Arduino15\packages\arduino\hardware\avr\1.8.6\cores\arduino\wiring_pulse.S" />
  </ItemGroup>
</Project>