
Microsoft Visual Studio Solution File, Format Version 12.00
# Visual Studio Version 16
VisualStudioVersion = 16.0.30128.74
MinimumVisualStudioVersion = 10.0.40219.1
Project("{8BC9CEB8-8B4A-11D0-8D11-00A0C91BC942}") = "Controller", "Controller.vcxproj", "{98B8B7A7-E956-4AE2-9910-8F56F714D438}"
EndProject
Project("{8BC9CEB8-8B4A-11D0-8D11-00A0C91BC942}") = "JML_TFT_Library", "..\..\libraries\JML_TFT_Library\JML_TFT_Library.vcxitems", "{DE9766A5-7D93-4FDA-9336-4417F326118E}"
EndProject
Project("{8BC9CEB8-8B4A-11D0-8D11-00A0C91BC942}") = "TFT_Touch_Shield_v2.0-2.0.3", "..\..\libraries\TFT_Touch_Shield_v2.0\TFT_Touch_Shield_v2.0-2.0.3.vcxitems", "{D6BDFAD2-2E65-4E26-9167-8B8D069FAF1F}"
EndProject
Project("{8BC9CEB8-8B4A-11D0-8D11-00A0C91BC942}") = "Arduino_AVRSTL-1.2.5", "..\..\libraries\Arduino_AVRSTL\Arduino_AVRSTL-1.2.5.vcxitems", "{82F01136-623D-4D09-A5F3-85CA0F342DAA}"
EndProject
Project("{8BC9CEB8-8B4A-11D0-8D11-00A0C91BC942}") = "SPI-1.0", "..\..\..\..\..\..\AppData\Local\Arduino15\packages\arduino\hardware\avr\1.8.6\libraries\SPI\SPI-1.0.vcxitems", "{E951797C-0CEC-4023-A553-3065662EFFA6}"
EndProject
Project("{8BC9CEB8-8B4A-11D0-8D11-00A0C91BC942}") = "AlignedJoy-1.0.1", "..\..\libraries\AlignedJoy\AlignedJoy-1.0.1.vcxitems", "{C4657BB6-78F3-45E6-93DF-B83A7AA2B858}"
EndProject
Project("{8BC9CEB8-8B4A-11D0-8D11-00A0C91BC942}") = "JML_Robot_Motion_Library", "..\..\libraries\JML_Robot_Motion_Library\JML_Robot_Motion_Library.vcxproj", "{B7057AF4-EEEC-4D66-9F2E-1CF03A86A1CA}"
EndProject
Project("{8BC9CEB8-8B4A-11D0-8D11-00A0C91BC942}") = "JML_Robot_XBee_Radio_Library", "..\..\libraries\JML_Robot_XBee_Radio_Library\JML_Robot_XBee_Radio_Library.vcxproj", "{8CD42754-68C5-4396-8EFC-6A34BE118224}"
EndProject
Global
	GlobalSection(SharedMSBuildProjectFiles) = preSolution
		..\..\libraries\Arduino_AVRSTL\Arduino_AVRSTL-1.2.5.vcxitems*{82f01136-623d-4d09-a5f3-85ca0f342daa}*SharedItemsImports = 9
		..\..\libraries\XBee-Arduino_library\XBee-Arduino_library-0.6.0.vcxitems*{8cd42754-68c5-4396-8efc-6a34be118224}*SharedItemsImports = 4
		..\..\libraries\XBeeATCmds\XBeeATCmds-0.1.0.vcxitems*{8cd42754-68c5-4396-8efc-6a34be118224}*SharedItemsImports = 4
		..\..\..\..\..\..\AppData\Local\Arduino15\packages\arduino\hardware\avr\1.8.6\libraries\SPI\SPI-1.0.vcxitems*{98b8b7a7-e956-4ae2-9910-8f56f714d438}*SharedItemsImports = 4
		..\..\libraries\AlignedJoy\AlignedJoy-1.0.1.vcxitems*{98b8b7a7-e956-4ae2-9910-8f56f714d438}*SharedItemsImports = 4
		..\..\libraries\Arduino_AVRSTL\Arduino_AVRSTL-1.2.5.vcxitems*{98b8b7a7-e956-4ae2-9910-8f56f714d438}*SharedItemsImports = 4
		..\..\libraries\JML_TFT_Library\JML_TFT_Library.vcxitems*{98b8b7a7-e956-4ae2-9910-8f56f714d438}*SharedItemsImports = 4
		..\..\libraries\TFT_Touch_Shield_v2.0\TFT_Touch_Shield_v2.0-2.0.3.vcxitems*{98b8b7a7-e956-4ae2-9910-8f56f714d438}*SharedItemsImports = 4
		..\..\libraries\AlignedJoy\AlignedJoy-1.0.1.vcxitems*{c4657bb6-78f3-45e6-93df-b83a7aa2b858}*SharedItemsImports = 9
		..\..\libraries\TFT_Touch_Shield_v2.0\TFT_Touch_Shield_v2.0-2.0.3.vcxitems*{d6bdfad2-2e65-4e26-9167-8b8d069faf1f}*SharedItemsImports = 9
		..\..\libraries\JML_TFT_Library\JML_TFT_Library.vcxitems*{de9766a5-7d93-4fda-9336-4417f326118e}*SharedItemsImports = 9
		..\..\..\..\..\..\AppData\Local\Arduino15\packages\arduino\hardware\avr\1.8.6\libraries\SPI\SPI-1.0.vcxitems*{e951797c-0cec-4023-a553-3065662effa6}*SharedItemsImports = 9
	EndGlobalSection
	GlobalSection(SolutionConfigurationPlatforms) = preSolution
		Debug|ARM = Debug|ARM
		Debug|ARM64 = Debug|ARM64
		Release|ARM = Release|ARM
		Release|ARM64 = Release|ARM64
	EndGlobalSection
	GlobalSection(ProjectConfigurationPlatforms) = postSolution
		{98B8B7A7-E956-4AE2-9910-8F56F714D438}.Debug|ARM.ActiveCfg = Debug|ARM
		{98B8B7A7-E956-4AE2-9910-8F56F714D438}.Debug|ARM.Build.0 = Debug|ARM
		{98B8B7A7-E956-4AE2-9910-8F56F714D438}.Debug|ARM.Deploy.0 = Debug|ARM
		{98B8B7A7-E956-4AE2-9910-8F56F714D438}.Debug|ARM64.ActiveCfg = Debug|ARM64
		{98B8B7A7-E956-4AE2-9910-8F56F714D438}.Debug|ARM64.Build.0 = Debug|ARM64
		{98B8B7A7-E956-4AE2-9910-8F56F714D438}.Debug|ARM64.Deploy.0 = Debug|ARM64
		{98B8B7A7-E956-4AE2-9910-8F56F714D438}.Release|ARM.ActiveCfg = Release|ARM
		{98B8B7A7-E956-4AE2-9910-8F56F714D438}.Release|ARM.Build.0 = Release|ARM
		{98B8B7A7-E956-4AE2-9910-8F56F714D438}.Release|ARM.Deploy.0 = Release|ARM
		{98B8B7A7-E956-4AE2-9910-8F56F714D438}.Release|ARM64.ActiveCfg = Release|ARM64
		{98B8B7A7-E956-4AE2-9910-8F56F714D438}.Release|ARM64.Build.0 = Release|ARM64
		{98B8B7A7-E956-4AE2-9910-8F56F714D438}.Release|ARM64.Deploy.0 = Release|ARM64
		{B7057AF4-EEEC-4D66-9F2E-1CF03A86A1CA}.Debug|ARM.ActiveCfg = Debug|ARM
		{B7057AF4-EEEC-4D66-9F2E-1CF03A86A1CA}.Debug|ARM.Build.0 = Debug|ARM
		{B7057AF4-EEEC-4D66-9F2E-1CF03A86A1CA}.Debug|ARM.Deploy.0 = Debug|ARM
		{B7057AF4-EEEC-4D66-9F2E-1CF03A86A1CA}.Debug|ARM64.ActiveCfg = Debug|ARM64
		{B7057AF4-EEEC-4D66-9F2E-1CF03A86A1CA}.Debug|ARM64.Build.0 = Debug|ARM64
		{B7057AF4-EEEC-4D66-9F2E-1CF03A86A1CA}.Debug|ARM64.Deploy.0 = Debug|ARM64
		{B7057AF4-EEEC-4D66-9F2E-1CF03A86A1CA}.Release|ARM.ActiveCfg = Release|ARM
		{B7057AF4-EEEC-4D66-9F2E-1CF03A86A1CA}.Release|ARM.Build.0 = Release|ARM
		{B7057AF4-EEEC-4D66-9F2E-1CF03A86A1CA}.Release|ARM.Deploy.0 = Release|ARM
		{B7057AF4-EEEC-4D66-9F2E-1CF03A86A1CA}.Release|ARM64.ActiveCfg = Release|ARM64
		{B7057AF4-EEEC-4D66-9F2E-1CF03A86A1CA}.Release|ARM64.Build.0 = Release|ARM64
		{B7057AF4-EEEC-4D66-9F2E-1CF03A86A1CA}.Release|ARM64.Deploy.0 = Release|ARM64
		{8CD42754-68C5-4396-8EFC-6A34BE118224}.Debug|ARM.ActiveCfg = Debug|ARM
		{8CD42754-68C5-4396-8EFC-6A34BE118224}.Debug|ARM.Build.0 = Debug|ARM
		{8CD42754-68C5-4396-8EFC-6A34BE118224}.Debug|ARM.Deploy.0 = Debug|ARM
		{8CD42754-68C5-4396-8EFC-6A34BE118224}.Debug|ARM64.ActiveCfg = Debug|ARM64
		{8CD42754-68C5-4396-8EFC-6A34BE118224}.Debug|ARM64.Build.0 = Debug|ARM64
		{8CD42754-68C5-4396-8EFC-6A34BE118224}.Debug|ARM64.Deploy.0 = Debug|ARM64
		{8CD42754-68C5-4396-8EFC-6A34BE118224}.Release|ARM.ActiveCfg = Release|ARM
		{8CD42754-68C5-4396-8EFC-6A34BE118224}.Release|ARM.Build.0 = Release|ARM
		{8CD42754-68C5-4396-8EFC-6A34BE118224}.Release|ARM.Deploy.0 = Release|ARM
		{8CD42754-68C5-4396-8EFC-6A34BE118224}.Release|ARM64.ActiveCfg = Release|ARM64
		{8CD42754-68C5-4396-8EFC-6A34BE118224}.Release|ARM64.Build.0 = Release|ARM64
		{8CD42754-68C5-4396-8EFC-6A34BE118224}.Release|ARM64.Deploy.0 = Release|ARM64
	EndGlobalSection
	GlobalSection(SolutionProperties) = preSolution
		HideSolutionNode = FALSE
	EndGlobalSection
	GlobalSection(ExtensibilityGlobals) = postSolution
		SolutionGuid = {E9AB7C31-986C-4D4B-9B19-475E5A07A66F}
	EndGlobalSection
EndGlobal
